{
    "_meta": {
        "hash": {
            "sha256": "13a95e0f02a16159b1e5784f86f88ded5f15bb06dac0c124a9bd9e303c93c031"
        },
        "pipfile-spec": 6,
        "requires": {
            "python_version": "3.7"
        },
        "sources": [
            {
                "name": "pypi",
                "url": "https://pypi.org/simple",
                "verify_ssl": true
            }
        ]
    },
    "default": {
        "django": {
            "hashes": [
                "sha256:5052def4ff0a84bdf669827fdbd7b7cc1ac058f10232be6b21f37c6824f578da",
                "sha256:bb72b5f8b53f8156280eaea520b548ac128a53f80cebc856c5e0fb555d44d529"
            ],
            "index": "pypi",
            "version": "==2.1.9"
        },
        "pytz": {
            "hashes": [
                "sha256:303879e36b721603cc54604edcac9d20401bdbe31e1e4fdee5b9f98d5d31dfda",
                "sha256:d747dd3d23d77ef44c6a3526e274af6efeb0a6f1afd5a69ba4d5be4098c8e141"
            ],
            "version": "==2019.1"
        }
    },
    "develop": {}
}
